
Microsoft Visual Studio Solution File, Format Version 12.00
# Visual Studio 14
VisualStudioVersion = 14.0.23107.0
MinimumVisualStudioVersion = 10.0.40219.1
Project("{FAE04EC0-301F-11D3-BF4B-00C04F79EFBC}") = "CYC.SSO.Server.Site", "src\CYC.SSO.Server.Site\CYC.SSO.Server.Site.csproj", "{AB8C111E-7867-4741-9C0B-4D15B1198F34}"
EndProject
Project("{FAE04EC0-301F-11D3-BF4B-00C04F79EFBC}") = "CYC.SSO.Client.Site", "src\CYC.SSO.Client.Site\CYC.SSO.Client.Site.csproj", "{CFE08876-784B-4B57-BD4D-961492C61B0D}"
EndProject
Global
	GlobalSection(SolutionConfigurationPlatforms) = preSolution
		Debug|Any CPU = Debug|Any CPU
		Release|Any CPU = Release|Any CPU
	EndGlobalSection
	GlobalSection(ProjectConfigurationPlatforms) = postSolution
		{AB8C111E-7867-4741-9C0B-4D15B1198F34}.Debug|Any CPU.ActiveCfg = Debug|Any CPU
		{AB8C111E-7867-4741-9C0B-4D15B1198F34}.Debug|Any CPU.Build.0 = Debug|Any CPU
		{AB8C111E-7867-4741-9C0B-4D15B1198F34}.Release|Any CPU.ActiveCfg = Release|Any CPU
		{AB8C111E-7867-4741-9C0B-4D15B1198F34}.Release|Any CPU.Build.0 = Release|Any CPU
		{CFE08876-784B-4B57-BD4D-961492C61B0D}.Debug|Any CPU.ActiveCfg = Debug|Any CPU
		{CFE08876-784B-4B57-BD4D-961492C61B0D}.Debug|Any CPU.Build.0 = Debug|Any CPU
		{CFE08876-784B-4B57-BD4D-961492C61B0D}.Release|Any CPU.ActiveCfg = Release|Any CPU
		{CFE08876-784B-4B57-BD4D-961492C61B0D}.Release|Any CPU.Build.0 = Release|Any CPU
	EndGlobalSection
	GlobalSection(SolutionProperties) = preSolution
		HideSolutionNode = FALSE
	EndGlobalSection
EndGlobal
